
Microsoft Visual Studio Solution File, Format Version 12.00
# Visual Studio 2012
Project("{FAE04EC0-301F-11D3-BF4B-00C04F79EFBC}") = "xamarin-playground.Android", "xamarin-playground.Android\xamarin-playground.Android.csproj", "{119149F0-F44C-49DB-8C25-A77EACC74804}"
EndProject
Project("{FAE04EC0-301F-11D3-BF4B-00C04F79EFBC}") = "xamarin-playground.iOS", "xamarin-playground.iOS\xamarin-playground.iOS.csproj", "{6183C80C-EF60-428D-A37C-B3162A2CFDFE}"
EndProject
Project("{FAE04EC0-301F-11D3-BF4B-00C04F79EFBC}") = "xamarin-playground", "xamarin-playground\xamarin-playground.csproj", "{40A4B7D6-D73C-4DEC-9E4C-DD3FBE4879E7}"
EndProject
Global
	GlobalSection(SolutionConfigurationPlatforms) = preSolution
		Debug|Any CPU = Debug|Any CPU
		Release|Any CPU = Release|Any CPU
		Debug|iPhoneSimulator = Debug|iPhoneSimulator
		Release|iPhoneSimulator = Release|iPhoneSimulator
		Debug|iPhone = Debug|iPhone
		Release|iPhone = Release|iPhone
		Ad-Hoc|iPhone = Ad-Hoc|iPhone
		AppStore|iPhone = AppStore|iPhone
	EndGlobalSection
	GlobalSection(ProjectConfigurationPlatforms) = postSolution
		{119149F0-F44C-49DB-8C25-A77EACC74804}.Debug|Any CPU.ActiveCfg = Debug|Any CPU
		{119149F0-F44C-49DB-8C25-A77EACC74804}.Debug|Any CPU.Build.0 = Debug|Any CPU
		{119149F0-F44C-49DB-8C25-A77EACC74804}.Release|Any CPU.ActiveCfg = Release|Any CPU
		{119149F0-F44C-49DB-8C25-A77EACC74804}.Release|Any CPU.Build.0 = Release|Any CPU
		{119149F0-F44C-49DB-8C25-A77EACC74804}.Debug|iPhoneSimulator.ActiveCfg = Debug|Any CPU
		{119149F0-F44C-49DB-8C25-A77EACC74804}.Debug|iPhoneSimulator.Build.0 = Debug|Any CPU
		{119149F0-F44C-49DB-8C25-A77EACC74804}.Release|iPhoneSimulator.ActiveCfg = Release|Any CPU
		{119149F0-F44C-49DB-8C25-A77EACC74804}.Release|iPhoneSimulator.Build.0 = Release|Any CPU
		{119149F0-F44C-49DB-8C25-A77EACC74804}.Debug|iPhone.ActiveCfg = Debug|Any CPU
		{119149F0-F44C-49DB-8C25-A77EACC74804}.Debug|iPhone.Build.0 = Debug|Any CPU
		{119149F0-F44C-49DB-8C25-A77EACC74804}.Release|iPhone.ActiveCfg = Release|Any CPU
		{119149F0-F44C-49DB-8C25-A77EACC74804}.Release|iPhone.Build.0 = Release|Any CPU
		{119149F0-F44C-49DB-8C25-A77EACC74804}.Ad-Hoc|iPhone.ActiveCfg = Debug|Any CPU
		{119149F0-F44C-49DB-8C25-A77EACC74804}.Ad-Hoc|iPhone.Build.0 = Debug|Any CPU
		{119149F0-F44C-49DB-8C25-A77EACC74804}.AppStore|iPhone.ActiveCfg = Debug|Any CPU
		{119149F0-F44C-49DB-8C25-A77EACC74804}.AppStore|iPhone.Build.0 = Debug|Any CPU
		{6183C80C-EF60-428D-A37C-B3162A2CFDFE}.Debug|Any CPU.ActiveCfg = Debug|iPhoneSimulator
		{6183C80C-EF60-428D-A37C-B3162A2CFDFE}.Debug|Any CPU.Build.0 = Debug|iPhoneSimulator
		{6183C80C-EF60-428D-A37C-B3162A2CFDFE}.Release|Any CPU.ActiveCfg = Release|iPhoneSimulator
		{6183C80C-EF60-428D-A37C-B3162A2CFDFE}.Release|Any CPU.Build.0 = Release|iPhoneSimulator
		{6183C80C-EF60-428D-A37C-B3162A2CFDFE}.Debug|iPhoneSimulator.ActiveCfg = Debug|iPhoneSimulator
		{6183C80C-EF60-428D-A37C-B3162A2CFDFE}.Debug|iPhoneSimulator.Build.0 = Debug|iPhoneSimulator
		{6183C80C-EF60-428D-A37C-B3162A2CFDFE}.Release|iPhoneSimulator.ActiveCfg = Release|iPhoneSimulator
		{6183C80C-EF60-428D-A37C-B3162A2CFDFE}.Release|iPhoneSimulator.Build.0 = Release|iPhoneSimulator
		{6183C80C-EF60-428D-A37C-B3162A2CFDFE}.Debug|iPhone.ActiveCfg = Debug|iPhone
		{6183C80C-EF60-428D-A37C-B3162A2CFDFE}.Debug|iPhone.Build.0 = Debug|iPhone
		{6183C80C-EF60-428D-A37C-B3162A2CFDFE}.Release|iPhone.ActiveCfg = Release|iPhone
		{6183C80C-EF60-428D-A37C-B3162A2CFDFE}.Release|iPhone.Build.0 = Release|iPhone
		{6183C80C-EF60-428D-A37C-B3162A2CFDFE}.Ad-Hoc|iPhone.ActiveCfg = Ad-Hoc|iPhone
		{6183C80C-EF60-428D-A37C-B3162A2CFDFE}.Ad-Hoc|iPhone.Build.0 = Ad-Hoc|iPhone
		{6183C80C-EF60-428D-A37C-B3162A2CFDFE}.AppStore|iPhone.ActiveCfg = AppStore|iPhone
		{6183C80C-EF60-428D-A37C-B3162A2CFDFE}.AppStore|iPhone.Build.0 = AppStore|iPhone
		{40A4B7D6-D73C-4DEC-9E4C-DD3FBE4879E7}.Debug|Any CPU.ActiveCfg = Debug|Any CPU
		{40A4B7D6-D73C-4DEC-9E4C-DD3FBE4879E7}.Debug|Any CPU.Build.0 = Debug|Any CPU
		{40A4B7D6-D73C-4DEC-9E4C-DD3FBE4879E7}.Release|Any CPU.ActiveCfg = Release|Any CPU
		{40A4B7D6-D73C-4DEC-9E4C-DD3FBE4879E7}.Release|Any CPU.Build.0 = Release|Any CPU
		{40A4B7D6-D73C-4DEC-9E4C-DD3FBE4879E7}.Debug|iPhoneSimulator.ActiveCfg = Debug|Any CPU
		{40A4B7D6-D73C-4DEC-9E4C-DD3FBE4879E7}.Debug|iPhoneSimulator.Build.0 = Debug|Any CPU
		{40A4B7D6-D73C-4DEC-9E4C-DD3FBE4879E7}.Release|iPhoneSimulator.ActiveCfg = Release|Any CPU
		{40A4B7D6-D73C-4DEC-9E4C-DD3FBE4879E7}.Release|iPhoneSimulator.Build.0 = Release|Any CPU
		{40A4B7D6-D73C-4DEC-9E4C-DD3FBE4879E7}.Debug|iPhone.ActiveCfg = Debug|Any CPU
		{40A4B7D6-D73C-4DEC-9E4C-DD3FBE4879E7}.Debug|iPhone.Build.0 = Debug|Any CPU
		{40A4B7D6-D73C-4DEC-9E4C-DD3FBE4879E7}.Release|iPhone.ActiveCfg = Release|Any CPU
		{40A4B7D6-D73C-4DEC-9E4C-DD3FBE4879E7}.Release|iPhone.Build.0 = Release|Any CPU
		{40A4B7D6-D73C-4DEC-9E4C-DD3FBE4879E7}.Ad-Hoc|iPhone.ActiveCfg = Debug|Any CPU
		{40A4B7D6-D73C-4DEC-9E4C-DD3FBE4879E7}.Ad-Hoc|iPhone.Build.0 = Debug|Any CPU
		{40A4B7D6-D73C-4DEC-9E4C-DD3FBE4879E7}.AppStore|iPhone.ActiveCfg = Debug|Any CPU
		{40A4B7D6-D73C-4DEC-9E4C-DD3FBE4879E7}.AppStore|iPhone.Build.0 = Debug|Any CPU
	EndGlobalSection
EndGlobal
